
Microsoft Visual Studio Solution File, Format Version 12.00
# Visual Studio Version 16
VisualStudioVersion = 16.0.29728.190
MinimumVisualStudioVersion = 10.0.40219.1
Project("{FAE04EC0-301F-11D3-BF4B-00C04F79EFBC}") = "LadeskabApp", "LadeskabApp\LadeskabApp.csproj", "{5549C258-31E0-4EBA-A15E-DECEEC9F8C27}"
EndProject
Project("{FAE04EC0-301F-11D3-BF4B-00C04F79EFBC}") = "Ladeskab", "Ladeskab\Ladeskab.csproj", "{1E4994F1-DFAB-428A-98EB-2DD4AEEB5D25}"
EndProject
Project("{FAE04EC0-301F-11D3-BF4B-00C04F79EFBC}") = "Ladeskab.Test.Unit", "Ladeskab.Test.Unit\Ladeskab.Test.Unit.csproj", "{8A0D04F1-86F1-434E-BA3D-9B9BEF1A5041}"
EndProject
Global
	GlobalSection(SolutionConfigurationPlatforms) = preSolution
		Debug|Any CPU = Debug|Any CPU
		Release|Any CPU = Release|Any CPU
	EndGlobalSection
	GlobalSection(ProjectConfigurationPlatforms) = postSolution
		{5549C258-31E0-4EBA-A15E-DECEEC9F8C27}.Debug|Any CPU.ActiveCfg = Debug|Any CPU
		{5549C258-31E0-4EBA-A15E-DECEEC9F8C27}.Debug|Any CPU.Build.0 = Debug|Any CPU
		{5549C258-31E0-4EBA-A15E-DECEEC9F8C27}.Release|Any CPU.ActiveCfg = Release|Any CPU
		{5549C258-31E0-4EBA-A15E-DECEEC9F8C27}.Release|Any CPU.Build.0 = Release|Any CPU
		{1E4994F1-DFAB-428A-98EB-2DD4AEEB5D25}.Debug|Any CPU.ActiveCfg = Debug|Any CPU
		{1E4994F1-DFAB-428A-98EB-2DD4AEEB5D25}.Debug|Any CPU.Build.0 = Debug|Any CPU
		{1E4994F1-DFAB-428A-98EB-2DD4AEEB5D25}.Release|Any CPU.ActiveCfg = Release|Any CPU
		{1E4994F1-DFAB-428A-98EB-2DD4AEEB5D25}.Release|Any CPU.Build.0 = Release|Any CPU
		{8A0D04F1-86F1-434E-BA3D-9B9BEF1A5041}.Debug|Any CPU.ActiveCfg = Debug|Any CPU
		{8A0D04F1-86F1-434E-BA3D-9B9BEF1A5041}.Debug|Any CPU.Build.0 = Debug|Any CPU
		{8A0D04F1-86F1-434E-BA3D-9B9BEF1A5041}.Release|Any CPU.ActiveCfg = Release|Any CPU
		{8A0D04F1-86F1-434E-BA3D-9B9BEF1A5041}.Release|Any CPU.Build.0 = Release|Any CPU
	EndGlobalSection
	GlobalSection(SolutionProperties) = preSolution
		HideSolutionNode = FALSE
	EndGlobalSection
	GlobalSection(ExtensibilityGlobals) = postSolution
		SolutionGuid = {F0FE23D0-A13F-4773-BEE6-02A243E6E7A8}
	EndGlobalSection
EndGlobal
